
Microsoft Visual Studio Solution File, Format Version 12.00
# Visual Studio Version 16
VisualStudioVersion = 16.0.29926.136
MinimumVisualStudioVersion = 10.0.40219.1
Project("{FAE04EC0-301F-11D3-BF4B-00C04F79EFBC}") = "ASPNET-MVC-EF-DatabaseFirst", "ASPNET-MVC-EF-DatabaseFirst.csproj", "{A5F30223-FAF9-4095-B1DD-5FCF8C92B72C}"
EndProject
Global
	GlobalSection(SolutionConfigurationPlatforms) = preSolution
		Debug|Any CPU = Debug|Any CPU
		Release|Any CPU = Release|Any CPU
	EndGlobalSection
	GlobalSection(ProjectConfigurationPlatforms) = postSolution
		{A5F30223-FAF9-4095-B1DD-5FCF8C92B72C}.Debug|Any CPU.ActiveCfg = Debug|Any CPU
		{A5F30223-FAF9-4095-B1DD-5FCF8C92B72C}.Debug|Any CPU.Build.0 = Debug|Any CPU
		{A5F30223-FAF9-4095-B1DD-5FCF8C92B72C}.Release|Any CPU.ActiveCfg = Release|Any CPU
		{A5F30223-FAF9-4095-B1DD-5FCF8C92B72C}.Release|Any CPU.Build.0 = Release|Any CPU
	EndGlobalSection
	GlobalSection(SolutionProperties) = preSolution
		HideSolutionNode = FALSE
	EndGlobalSection
	GlobalSection(ExtensibilityGlobals) = postSolution
		SolutionGuid = {345E0E87-6390-40F8-81F0-D3126BD7E613}
	EndGlobalSection
EndGlobal
